
Microsoft Visual Studio Solution File, Format Version 12.00
# Visual Studio Version 17
VisualStudioVersion = 17.14.36401.2
MinimumVisualStudioVersion = 10.0.40219.1
Project("{FAE04EC0-301F-11D3-BF4B-00C04F79EFBC}") = "Group13_DesignWeek", "Group13_DesignWeek.csproj", "{A345DDBC-9434-4EAC-8732-99CF14A0E160}"
EndProject
Global
	GlobalSection(SolutionConfigurationPlatforms) = preSolution
		Debug|Any CPU = Debug|Any CPU
		Release|Any CPU = Release|Any CPU
	EndGlobalSection
	GlobalSection(ProjectConfigurationPlatforms) = postSolution
		{A345DDBC-9434-4EAC-8732-99CF14A0E160}.Debug|Any CPU.ActiveCfg = Debug|Any CPU
		{A345DDBC-9434-4EAC-8732-99CF14A0E160}.Debug|Any CPU.Build.0 = Debug|Any CPU
		{A345DDBC-9434-4EAC-8732-99CF14A0E160}.Release|Any CPU.ActiveCfg = Release|Any CPU
		{A345DDBC-9434-4EAC-8732-99CF14A0E160}.Release|Any CPU.Build.0 = Release|Any CPU
	EndGlobalSection
	GlobalSection(SolutionProperties) = preSolution
		HideSolutionNode = FALSE
	EndGlobalSection
	GlobalSection(ExtensibilityGlobals) = postSolution
		SolutionGuid = {BF643192-00C4-4ACE-9C3D-E140A7ABAA61}
	EndGlobalSection
EndGlobal
